
Microsoft Visual Studio Solution File, Format Version 12.00
# Visual Studio 15
VisualStudioVersion = 15.0.28307.421
MinimumVisualStudioVersion = 10.0.40219.1
Project("{FAE04EC0-301F-11D3-BF4B-00C04F79EFBC}") = "Ruka-Market", "Ruka-Market\Ruka-Market.csproj", "{D808B70A-3450-4B4C-8D5F-54D108C8D7F9}"
EndProject
Global
	GlobalSection(SolutionConfigurationPlatforms) = preSolution
		Debug|Any CPU = Debug|Any CPU
		Release|Any CPU = Release|Any CPU
	EndGlobalSection
	GlobalSection(ProjectConfigurationPlatforms) = postSolution
		{D808B70A-3450-4B4C-8D5F-54D108C8D7F9}.Debug|Any CPU.ActiveCfg = Debug|Any CPU
		{D808B70A-3450-4B4C-8D5F-54D108C8D7F9}.Debug|Any CPU.Build.0 = Debug|Any CPU
		{D808B70A-3450-4B4C-8D5F-54D108C8D7F9}.Release|Any CPU.ActiveCfg = Release|Any CPU
		{D808B70A-3450-4B4C-8D5F-54D108C8D7F9}.Release|Any CPU.Build.0 = Release|Any CPU
	EndGlobalSection
	GlobalSection(SolutionProperties) = preSolution
		HideSolutionNode = FALSE
	EndGlobalSection
	GlobalSection(ExtensibilityGlobals) = postSolution
		SolutionGuid = {9192C195-9A2E-4980-B54D-99E555EEA81F}
	EndGlobalSection
EndGlobal
